
Microsoft Visual Studio Solution File, Format Version 12.00
# Visual Studio 14
VisualStudioVersion = 14.0.25420.1
MinimumVisualStudioVersion = 10.0.40219.1
Project("{8BC9CEB8-8B4A-11D0-8D11-00A0C91BC942}") = "DesktopBridge.Helpers (NET452)", "DesktopBridge.Helpers\DesktopBridge.Helpers.NET452.vcxproj", "{209A8036-3C3D-4FAC-9217-DA9B539B4B9A}"
EndProject
Project("{8BC9CEB8-8B4A-11D0-8D11-00A0C91BC942}") = "DesktopBridge.Helpers (NET40)", "DesktopBridge.Helpers\DesktopBridge.Helpers.NET4.vcxproj", "{7E6A0079-44DF-4E87-923E-CFC9FF4D8251}"
EndProject
Project("{8BC9CEB8-8B4A-11D0-8D11-00A0C91BC942}") = "DesktopBridge.Helpers (NET45)", "DesktopBridge.Helpers\DesktopBridge.Helpers.NET45.vcxproj", "{E457F580-F3C7-4E6A-8CBB-B32931A27CF5}"
EndProject
Project("{8BC9CEB8-8B4A-11D0-8D11-00A0C91BC942}") = "DesktopBridge.Helpers (NET451)", "DesktopBridge.Helpers\DesktopBridge.Helpers.NET451.vcxproj", "{E493A8E3-D42D-4000-837A-E804096BE7ED}"
EndProject
Project("{8BC9CEB8-8B4A-11D0-8D11-00A0C91BC942}") = "DesktopBridge.Helpers (NET46)", "DesktopBridge.Helpers\DesktopBridge.Helpers.NET46.vcxproj", "{46C7169D-EAA5-41ED-83E0-D27D67264DD9}"
EndProject
Project("{8BC9CEB8-8B4A-11D0-8D11-00A0C91BC942}") = "DesktopBridge.Helpers (NET461)", "DesktopBridge.Helpers\DesktopBridge.Helpers.NET461.vcxproj", "{9301C860-D4B5-447A-9037-53D69D07651F}"
EndProject
Global
	GlobalSection(SolutionConfigurationPlatforms) = preSolution
		Debug|x64 = Debug|x64
		Debug|x86 = Debug|x86
		NET4|x64 = NET4|x64
		NET4|x86 = NET4|x86
		Release|x64 = Release|x64
		Release|x86 = Release|x86
	EndGlobalSection
	GlobalSection(ProjectConfigurationPlatforms) = postSolution
		{209A8036-3C3D-4FAC-9217-DA9B539B4B9A}.Debug|x64.ActiveCfg = Debug|x64
		{209A8036-3C3D-4FAC-9217-DA9B539B4B9A}.Debug|x64.Build.0 = Debug|x64
		{209A8036-3C3D-4FAC-9217-DA9B539B4B9A}.Debug|x86.ActiveCfg = Debug|Win32
		{209A8036-3C3D-4FAC-9217-DA9B539B4B9A}.Debug|x86.Build.0 = Debug|Win32
		{209A8036-3C3D-4FAC-9217-DA9B539B4B9A}.NET4|x64.ActiveCfg = NET4|x64
		{209A8036-3C3D-4FAC-9217-DA9B539B4B9A}.NET4|x64.Build.0 = NET4|x64
		{209A8036-3C3D-4FAC-9217-DA9B539B4B9A}.NET4|x86.ActiveCfg = NET4|Win32
		{209A8036-3C3D-4FAC-9217-DA9B539B4B9A}.NET4|x86.Build.0 = NET4|Win32
		{209A8036-3C3D-4FAC-9217-DA9B539B4B9A}.Release|x64.ActiveCfg = Release|x64
		{209A8036-3C3D-4FAC-9217-DA9B539B4B9A}.Release|x64.Build.0 = Release|x64
		{209A8036-3C3D-4FAC-9217-DA9B539B4B9A}.Release|x86.ActiveCfg = Release|Win32
		{209A8036-3C3D-4FAC-9217-DA9B539B4B9A}.Release|x86.Build.0 = Release|Win32
		{7E6A0079-44DF-4E87-923E-CFC9FF4D8251}.Debug|x64.ActiveCfg = Debug|x64
		{7E6A0079-44DF-4E87-923E-CFC9FF4D8251}.Debug|x64.Build.0 = Debug|x64
		{7E6A0079-44DF-4E87-923E-CFC9FF4D8251}.Debug|x86.ActiveCfg = Debug|Win32
		{7E6A0079-44DF-4E87-923E-CFC9FF4D8251}.Debug|x86.Build.0 = Debug|Win32
		{7E6A0079-44DF-4E87-923E-CFC9FF4D8251}.NET4|x64.ActiveCfg = NET4|x64
		{7E6A0079-44DF-4E87-923E-CFC9FF4D8251}.NET4|x64.Build.0 = NET4|x64
		{7E6A0079-44DF-4E87-923E-CFC9FF4D8251}.NET4|x86.ActiveCfg = NET4|Win32
		{7E6A0079-44DF-4E87-923E-CFC9FF4D8251}.NET4|x86.Build.0 = NET4|Win32
		{7E6A0079-44DF-4E87-923E-CFC9FF4D8251}.Release|x64.ActiveCfg = Release|x64
		{7E6A0079-44DF-4E87-923E-CFC9FF4D8251}.Release|x64.Build.0 = Release|x64
		{7E6A0079-44DF-4E87-923E-CFC9FF4D8251}.Release|x86.ActiveCfg = Release|Win32
		{7E6A0079-44DF-4E87-923E-CFC9FF4D8251}.Release|x86.Build.0 = Release|Win32
		{E457F580-F3C7-4E6A-8CBB-B32931A27CF5}.Debug|x64.ActiveCfg = Debug|x64
		{E457F580-F3C7-4E6A-8CBB-B32931A27CF5}.Debug|x64.Build.0 = Debug|x64
		{E457F580-F3C7-4E6A-8CBB-B32931A27CF5}.Debug|x86.ActiveCfg = Debug|Win32
		{E457F580-F3C7-4E6A-8CBB-B32931A27CF5}.Debug|x86.Build.0 = Debug|Win32
		{E457F580-F3C7-4E6A-8CBB-B32931A27CF5}.NET4|x64.ActiveCfg = NET4|x64
		{E457F580-F3C7-4E6A-8CBB-B32931A27CF5}.NET4|x64.Build.0 = NET4|x64
		{E457F580-F3C7-4E6A-8CBB-B32931A27CF5}.NET4|x86.ActiveCfg = NET4|Win32
		{E457F580-F3C7-4E6A-8CBB-B32931A27CF5}.NET4|x86.Build.0 = NET4|Win32
		{E457F580-F3C7-4E6A-8CBB-B32931A27CF5}.Release|x64.ActiveCfg = Release|x64
		{E457F580-F3C7-4E6A-8CBB-B32931A27CF5}.Release|x64.Build.0 = Release|x64
		{E457F580-F3C7-4E6A-8CBB-B32931A27CF5}.Release|x86.ActiveCfg = Release|Win32
		{E457F580-F3C7-4E6A-8CBB-B32931A27CF5}.Release|x86.Build.0 = Release|Win32
		{E493A8E3-D42D-4000-837A-E804096BE7ED}.Debug|x64.ActiveCfg = Debug|x64
		{E493A8E3-D42D-4000-837A-E804096BE7ED}.Debug|x64.Build.0 = Debug|x64
		{E493A8E3-D42D-4000-837A-E804096BE7ED}.Debug|x86.ActiveCfg = Debug|Win32
		{E493A8E3-D42D-4000-837A-E804096BE7ED}.Debug|x86.Build.0 = Debug|Win32
		{E493A8E3-D42D-4000-837A-E804096BE7ED}.NET4|x64.ActiveCfg = NET4|x64
		{E493A8E3-D42D-4000-837A-E804096BE7ED}.NET4|x64.Build.0 = NET4|x64
		{E493A8E3-D42D-4000-837A-E804096BE7ED}.NET4|x86.ActiveCfg = NET4|Win32
		{E493A8E3-D42D-4000-837A-E804096BE7ED}.NET4|x86.Build.0 = NET4|Win32
		{E493A8E3-D42D-4000-837A-E804096BE7ED}.Release|x64.ActiveCfg = Release|x64
		{E493A8E3-D42D-4000-837A-E804096BE7ED}.Release|x64.Build.0 = Release|x64
		{E493A8E3-D42D-4000-837A-E804096BE7ED}.Release|x86.ActiveCfg = Release|Win32
		{E493A8E3-D42D-4000-837A-E804096BE7ED}.Release|x86.Build.0 = Release|Win32
		{46C7169D-EAA5-41ED-83E0-D27D67264DD9}.Debug|x64.ActiveCfg = Debug|x64
		{46C7169D-EAA5-41ED-83E0-D27D67264DD9}.Debug|x64.Build.0 = Debug|x64
		{46C7169D-EAA5-41ED-83E0-D27D67264DD9}.Debug|x86.ActiveCfg = Debug|Win32
		{46C7169D-EAA5-41ED-83E0-D27D67264DD9}.Debug|x86.Build.0 = Debug|Win32
		{46C7169D-EAA5-41ED-83E0-D27D67264DD9}.NET4|x64.ActiveCfg = NET4|x64
		{46C7169D-EAA5-41ED-83E0-D27D67264DD9}.NET4|x64.Build.0 = NET4|x64
		{46C7169D-EAA5-41ED-83E0-D27D67264DD9}.NET4|x86.ActiveCfg = NET4|Win32
		{46C7169D-EAA5-41ED-83E0-D27D67264DD9}.NET4|x86.Build.0 = NET4|Win32
		{46C7169D-EAA5-41ED-83E0-D27D67264DD9}.Release|x64.ActiveCfg = Release|x64
		{46C7169D-EAA5-41ED-83E0-D27D67264DD9}.Release|x64.Build.0 = Release|x64
		{46C7169D-EAA5-41ED-83E0-D27D67264DD9}.Release|x86.ActiveCfg = Release|Win32
		{46C7169D-EAA5-41ED-83E0-D27D67264DD9}.Release|x86.Build.0 = Release|Win32
		{9301C860-D4B5-447A-9037-53D69D07651F}.Debug|x64.ActiveCfg = Debug|x64
		{9301C860-D4B5-447A-9037-53D69D07651F}.Debug|x64.Build.0 = Debug|x64
		{9301C860-D4B5-447A-9037-53D69D07651F}.Debug|x86.ActiveCfg = Debug|Win32
		{9301C860-D4B5-447A-9037-53D69D07651F}.Debug|x86.Build.0 = Debug|Win32
		{9301C860-D4B5-447A-9037-53D69D07651F}.NET4|x64.ActiveCfg = NET4|x64
		{9301C860-D4B5-447A-9037-53D69D07651F}.NET4|x64.Build.0 = NET4|x64
		{9301C860-D4B5-447A-9037-53D69D07651F}.NET4|x86.ActiveCfg = NET4|Win32
		{9301C860-D4B5-447A-9037-53D69D07651F}.NET4|x86.Build.0 = NET4|Win32
		{9301C860-D4B5-447A-9037-53D69D07651F}.Release|x64.ActiveCfg = Release|x64
		{9301C860-D4B5-447A-9037-53D69D07651F}.Release|x64.Build.0 = Release|x64
		{9301C860-D4B5-447A-9037-53D69D07651F}.Release|x86.ActiveCfg = Release|Win32
		{9301C860-D4B5-447A-9037-53D69D07651F}.Release|x86.Build.0 = Release|Win32
	EndGlobalSection
	GlobalSection(SolutionProperties) = preSolution
		HideSolutionNode = FALSE
	EndGlobalSection
EndGlobal
