
Microsoft Visual Studio Solution File, Format Version 12.00
# Visual Studio 15
VisualStudioVersion = 15.0.27130.2010
MinimumVisualStudioVersion = 10.0.40219.1
Project("{FAE04EC0-301F-11D3-BF4B-00C04F79EFBC}") = "DesktopBridge.Helpers", "DesktopBridge.Helpers\DesktopBridge.Helpers.csproj", "{1E4B9F8E-2492-4AC0-B82C-8F9363720712}"
EndProject
Project("{2150E333-8FDC-42A3-9474-1A3956D46DE8}") = "Samples", "Samples", "{D14A6F7B-27DA-4C28-A976-8CED01378EA5}"
EndProject
Project("{2150E333-8FDC-42A3-9474-1A3956D46DE8}") = "ConsoleApplication", "ConsoleApplication", "{89B15E8C-428F-4D07-8668-73D59AB5D285}"
EndProject
Project("{FAE04EC0-301F-11D3-BF4B-00C04F79EFBC}") = "ConsoleApplication.App", "Samples\ConsoleApplication\ConsoleApplication.App\ConsoleApplication.App.csproj", "{FFBF21BB-8303-4470-9152-EC57C42716B1}"
EndProject
Project("{2150E333-8FDC-42A3-9474-1A3956D46DE8}") = "Windows Forms", "Windows Forms", "{30F30CDB-23F6-4A95-A07F-3D47136B9204}"
EndProject
Project("{FAE04EC0-301F-11D3-BF4B-00C04F79EFBC}") = "WindowsForms.App", "Samples\WindowsForms\WindowsForms.App\WindowsForms.App.csproj", "{96DA9A20-B822-4F4E-899B-D3C6E1DC268E}"
EndProject
Project("{2150E333-8FDC-42A3-9474-1A3956D46DE8}") = "WPF", "WPF", "{04445F10-A8B7-47DB-8894-C5C0BE70625C}"
EndProject
Project("{FAE04EC0-301F-11D3-BF4B-00C04F79EFBC}") = "WpfApplication.App", "Samples\WpfApplication\WpfApplication.App\WpfApplication.App.csproj", "{FE9FDF70-8019-49C9-9563-1ABA1F56EB4D}"
EndProject
Project("{C7167F0D-BC9F-4E6E-AFE1-012C56B48DB5}") = "WpfApplication.Package", "Samples\WpfApplication\WpfApplication.Package\WpfApplication.Package.wapproj", "{8F2CF6EA-E7E3-4DC3-A139-E3E7ACD1C861}"
EndProject
Project("{C7167F0D-BC9F-4E6E-AFE1-012C56B48DB5}") = "WindowsForms.Package", "Samples\WindowsForms\WindowsForms.Package\WindowsForms.Package.wapproj", "{6CF96CCD-A684-408A-97DE-B625BC2C41E0}"
EndProject
Project("{C7167F0D-BC9F-4E6E-AFE1-012C56B48DB5}") = "ConsoleApplication.Package", "Samples\ConsoleApplication\ConsoleApplication.Package\ConsoleApplication.Package.wapproj", "{250A04F8-8622-468B-83E2-1BCC94DBDD65}"
EndProject
Global
	GlobalSection(SolutionConfigurationPlatforms) = preSolution
		Debug|Any CPU = Debug|Any CPU
		Debug|ARM = Debug|ARM
		Debug|x64 = Debug|x64
		Debug|x86 = Debug|x86
		Release|Any CPU = Release|Any CPU
		Release|ARM = Release|ARM
		Release|x64 = Release|x64
		Release|x86 = Release|x86
	EndGlobalSection
	GlobalSection(ProjectConfigurationPlatforms) = postSolution
		{1E4B9F8E-2492-4AC0-B82C-8F9363720712}.Debug|Any CPU.ActiveCfg = Debug|Any CPU
		{1E4B9F8E-2492-4AC0-B82C-8F9363720712}.Debug|Any CPU.Build.0 = Debug|Any CPU
		{1E4B9F8E-2492-4AC0-B82C-8F9363720712}.Debug|ARM.ActiveCfg = Debug|Any CPU
		{1E4B9F8E-2492-4AC0-B82C-8F9363720712}.Debug|ARM.Build.0 = Debug|Any CPU
		{1E4B9F8E-2492-4AC0-B82C-8F9363720712}.Debug|x64.ActiveCfg = Debug|Any CPU
		{1E4B9F8E-2492-4AC0-B82C-8F9363720712}.Debug|x64.Build.0 = Debug|Any CPU
		{1E4B9F8E-2492-4AC0-B82C-8F9363720712}.Debug|x86.ActiveCfg = Debug|Any CPU
		{1E4B9F8E-2492-4AC0-B82C-8F9363720712}.Debug|x86.Build.0 = Debug|Any CPU
		{1E4B9F8E-2492-4AC0-B82C-8F9363720712}.Release|Any CPU.ActiveCfg = Release|Any CPU
		{1E4B9F8E-2492-4AC0-B82C-8F9363720712}.Release|Any CPU.Build.0 = Release|Any CPU
		{1E4B9F8E-2492-4AC0-B82C-8F9363720712}.Release|ARM.ActiveCfg = Release|Any CPU
		{1E4B9F8E-2492-4AC0-B82C-8F9363720712}.Release|ARM.Build.0 = Release|Any CPU
		{1E4B9F8E-2492-4AC0-B82C-8F9363720712}.Release|x64.ActiveCfg = Release|Any CPU
		{1E4B9F8E-2492-4AC0-B82C-8F9363720712}.Release|x64.Build.0 = Release|Any CPU
		{1E4B9F8E-2492-4AC0-B82C-8F9363720712}.Release|x86.ActiveCfg = Release|Any CPU
		{1E4B9F8E-2492-4AC0-B82C-8F9363720712}.Release|x86.Build.0 = Release|Any CPU
		{FFBF21BB-8303-4470-9152-EC57C42716B1}.Debug|Any CPU.ActiveCfg = Debug|Any CPU
		{FFBF21BB-8303-4470-9152-EC57C42716B1}.Debug|Any CPU.Build.0 = Debug|Any CPU
		{FFBF21BB-8303-4470-9152-EC57C42716B1}.Debug|ARM.ActiveCfg = Debug|Any CPU
		{FFBF21BB-8303-4470-9152-EC57C42716B1}.Debug|ARM.Build.0 = Debug|Any CPU
		{FFBF21BB-8303-4470-9152-EC57C42716B1}.Debug|x64.ActiveCfg = Debug|Any CPU
		{FFBF21BB-8303-4470-9152-EC57C42716B1}.Debug|x64.Build.0 = Debug|Any CPU
		{FFBF21BB-8303-4470-9152-EC57C42716B1}.Debug|x86.ActiveCfg = Debug|Any CPU
		{FFBF21BB-8303-4470-9152-EC57C42716B1}.Debug|x86.Build.0 = Debug|Any CPU
		{FFBF21BB-8303-4470-9152-EC57C42716B1}.Release|Any CPU.ActiveCfg = Release|Any CPU
		{FFBF21BB-8303-4470-9152-EC57C42716B1}.Release|Any CPU.Build.0 = Release|Any CPU
		{FFBF21BB-8303-4470-9152-EC57C42716B1}.Release|ARM.ActiveCfg = Release|Any CPU
		{FFBF21BB-8303-4470-9152-EC57C42716B1}.Release|ARM.Build.0 = Release|Any CPU
		{FFBF21BB-8303-4470-9152-EC57C42716B1}.Release|x64.ActiveCfg = Release|Any CPU
		{FFBF21BB-8303-4470-9152-EC57C42716B1}.Release|x64.Build.0 = Release|Any CPU
		{FFBF21BB-8303-4470-9152-EC57C42716B1}.Release|x86.ActiveCfg = Release|Any CPU
		{FFBF21BB-8303-4470-9152-EC57C42716B1}.Release|x86.Build.0 = Release|Any CPU
		{96DA9A20-B822-4F4E-899B-D3C6E1DC268E}.Debug|Any CPU.ActiveCfg = Debug|Any CPU
		{96DA9A20-B822-4F4E-899B-D3C6E1DC268E}.Debug|Any CPU.Build.0 = Debug|Any CPU
		{96DA9A20-B822-4F4E-899B-D3C6E1DC268E}.Debug|ARM.ActiveCfg = Debug|Any CPU
		{96DA9A20-B822-4F4E-899B-D3C6E1DC268E}.Debug|ARM.Build.0 = Debug|Any CPU
		{96DA9A20-B822-4F4E-899B-D3C6E1DC268E}.Debug|x64.ActiveCfg = Debug|Any CPU
		{96DA9A20-B822-4F4E-899B-D3C6E1DC268E}.Debug|x64.Build.0 = Debug|Any CPU
		{96DA9A20-B822-4F4E-899B-D3C6E1DC268E}.Debug|x86.ActiveCfg = Debug|Any CPU
		{96DA9A20-B822-4F4E-899B-D3C6E1DC268E}.Debug|x86.Build.0 = Debug|Any CPU
		{96DA9A20-B822-4F4E-899B-D3C6E1DC268E}.Release|Any CPU.ActiveCfg = Release|Any CPU
		{96DA9A20-B822-4F4E-899B-D3C6E1DC268E}.Release|Any CPU.Build.0 = Release|Any CPU
		{96DA9A20-B822-4F4E-899B-D3C6E1DC268E}.Release|ARM.ActiveCfg = Release|Any CPU
		{96DA9A20-B822-4F4E-899B-D3C6E1DC268E}.Release|ARM.Build.0 = Release|Any CPU
		{96DA9A20-B822-4F4E-899B-D3C6E1DC268E}.Release|x64.ActiveCfg = Release|Any CPU
		{96DA9A20-B822-4F4E-899B-D3C6E1DC268E}.Release|x64.Build.0 = Release|Any CPU
		{96DA9A20-B822-4F4E-899B-D3C6E1DC268E}.Release|x86.ActiveCfg = Release|Any CPU
		{96DA9A20-B822-4F4E-899B-D3C6E1DC268E}.Release|x86.Build.0 = Release|Any CPU
		{FE9FDF70-8019-49C9-9563-1ABA1F56EB4D}.Debug|Any CPU.ActiveCfg = Debug|Any CPU
		{FE9FDF70-8019-49C9-9563-1ABA1F56EB4D}.Debug|Any CPU.Build.0 = Debug|Any CPU
		{FE9FDF70-8019-49C9-9563-1ABA1F56EB4D}.Debug|ARM.ActiveCfg = Debug|Any CPU
		{FE9FDF70-8019-49C9-9563-1ABA1F56EB4D}.Debug|ARM.Build.0 = Debug|Any CPU
		{FE9FDF70-8019-49C9-9563-1ABA1F56EB4D}.Debug|x64.ActiveCfg = Debug|Any CPU
		{FE9FDF70-8019-49C9-9563-1ABA1F56EB4D}.Debug|x64.Build.0 = Debug|Any CPU
		{FE9FDF70-8019-49C9-9563-1ABA1F56EB4D}.Debug|x86.ActiveCfg = Debug|Any CPU
		{FE9FDF70-8019-49C9-9563-1ABA1F56EB4D}.Debug|x86.Build.0 = Debug|Any CPU
		{FE9FDF70-8019-49C9-9563-1ABA1F56EB4D}.Release|Any CPU.ActiveCfg = Release|Any CPU
		{FE9FDF70-8019-49C9-9563-1ABA1F56EB4D}.Release|Any CPU.Build.0 = Release|Any CPU
		{FE9FDF70-8019-49C9-9563-1ABA1F56EB4D}.Release|ARM.ActiveCfg = Release|Any CPU
		{FE9FDF70-8019-49C9-9563-1ABA1F56EB4D}.Release|ARM.Build.0 = Release|Any CPU
		{FE9FDF70-8019-49C9-9563-1ABA1F56EB4D}.Release|x64.ActiveCfg = Release|Any CPU
		{FE9FDF70-8019-49C9-9563-1ABA1F56EB4D}.Release|x64.Build.0 = Release|Any CPU
		{FE9FDF70-8019-49C9-9563-1ABA1F56EB4D}.Release|x86.ActiveCfg = Release|Any CPU
		{FE9FDF70-8019-49C9-9563-1ABA1F56EB4D}.Release|x86.Build.0 = Release|Any CPU
		{8F2CF6EA-E7E3-4DC3-A139-E3E7ACD1C861}.Debug|Any CPU.ActiveCfg = Debug|Any CPU
		{8F2CF6EA-E7E3-4DC3-A139-E3E7ACD1C861}.Debug|Any CPU.Build.0 = Debug|Any CPU
		{8F2CF6EA-E7E3-4DC3-A139-E3E7ACD1C861}.Debug|Any CPU.Deploy.0 = Debug|Any CPU
		{8F2CF6EA-E7E3-4DC3-A139-E3E7ACD1C861}.Debug|ARM.ActiveCfg = Debug|Any CPU
		{8F2CF6EA-E7E3-4DC3-A139-E3E7ACD1C861}.Debug|ARM.Build.0 = Debug|Any CPU
		{8F2CF6EA-E7E3-4DC3-A139-E3E7ACD1C861}.Debug|ARM.Deploy.0 = Debug|Any CPU
		{8F2CF6EA-E7E3-4DC3-A139-E3E7ACD1C861}.Debug|x64.ActiveCfg = Debug|x64
		{8F2CF6EA-E7E3-4DC3-A139-E3E7ACD1C861}.Debug|x64.Build.0 = Debug|x64
		{8F2CF6EA-E7E3-4DC3-A139-E3E7ACD1C861}.Debug|x64.Deploy.0 = Debug|x64
		{8F2CF6EA-E7E3-4DC3-A139-E3E7ACD1C861}.Debug|x86.ActiveCfg = Debug|x86
		{8F2CF6EA-E7E3-4DC3-A139-E3E7ACD1C861}.Debug|x86.Build.0 = Debug|x86
		{8F2CF6EA-E7E3-4DC3-A139-E3E7ACD1C861}.Debug|x86.Deploy.0 = Debug|x86
		{8F2CF6EA-E7E3-4DC3-A139-E3E7ACD1C861}.Release|Any CPU.ActiveCfg = Release|Any CPU
		{8F2CF6EA-E7E3-4DC3-A139-E3E7ACD1C861}.Release|Any CPU.Build.0 = Release|Any CPU
		{8F2CF6EA-E7E3-4DC3-A139-E3E7ACD1C861}.Release|Any CPU.Deploy.0 = Release|Any CPU
		{8F2CF6EA-E7E3-4DC3-A139-E3E7ACD1C861}.Release|ARM.ActiveCfg = Release|Any CPU
		{8F2CF6EA-E7E3-4DC3-A139-E3E7ACD1C861}.Release|ARM.Build.0 = Release|Any CPU
		{8F2CF6EA-E7E3-4DC3-A139-E3E7ACD1C861}.Release|ARM.Deploy.0 = Release|Any CPU
		{8F2CF6EA-E7E3-4DC3-A139-E3E7ACD1C861}.Release|x64.ActiveCfg = Release|x64
		{8F2CF6EA-E7E3-4DC3-A139-E3E7ACD1C861}.Release|x64.Build.0 = Release|x64
		{8F2CF6EA-E7E3-4DC3-A139-E3E7ACD1C861}.Release|x64.Deploy.0 = Release|x64
		{8F2CF6EA-E7E3-4DC3-A139-E3E7ACD1C861}.Release|x86.ActiveCfg = Release|x86
		{8F2CF6EA-E7E3-4DC3-A139-E3E7ACD1C861}.Release|x86.Build.0 = Release|x86
		{8F2CF6EA-E7E3-4DC3-A139-E3E7ACD1C861}.Release|x86.Deploy.0 = Release|x86
		{6CF96CCD-A684-408A-97DE-B625BC2C41E0}.Debug|Any CPU.ActiveCfg = Debug|Any CPU
		{6CF96CCD-A684-408A-97DE-B625BC2C41E0}.Debug|Any CPU.Build.0 = Debug|Any CPU
		{6CF96CCD-A684-408A-97DE-B625BC2C41E0}.Debug|Any CPU.Deploy.0 = Debug|Any CPU
		{6CF96CCD-A684-408A-97DE-B625BC2C41E0}.Debug|ARM.ActiveCfg = Debug|Any CPU
		{6CF96CCD-A684-408A-97DE-B625BC2C41E0}.Debug|ARM.Build.0 = Debug|Any CPU
		{6CF96CCD-A684-408A-97DE-B625BC2C41E0}.Debug|ARM.Deploy.0 = Debug|Any CPU
		{6CF96CCD-A684-408A-97DE-B625BC2C41E0}.Debug|x64.ActiveCfg = Debug|x64
		{6CF96CCD-A684-408A-97DE-B625BC2C41E0}.Debug|x64.Build.0 = Debug|x64
		{6CF96CCD-A684-408A-97DE-B625BC2C41E0}.Debug|x64.Deploy.0 = Debug|x64
		{6CF96CCD-A684-408A-97DE-B625BC2C41E0}.Debug|x86.ActiveCfg = Debug|x86
		{6CF96CCD-A684-408A-97DE-B625BC2C41E0}.Debug|x86.Build.0 = Debug|x86
		{6CF96CCD-A684-408A-97DE-B625BC2C41E0}.Debug|x86.Deploy.0 = Debug|x86
		{6CF96CCD-A684-408A-97DE-B625BC2C41E0}.Release|Any CPU.ActiveCfg = Release|Any CPU
		{6CF96CCD-A684-408A-97DE-B625BC2C41E0}.Release|Any CPU.Build.0 = Release|Any CPU
		{6CF96CCD-A684-408A-97DE-B625BC2C41E0}.Release|Any CPU.Deploy.0 = Release|Any CPU
		{6CF96CCD-A684-408A-97DE-B625BC2C41E0}.Release|ARM.ActiveCfg = Release|Any CPU
		{6CF96CCD-A684-408A-97DE-B625BC2C41E0}.Release|ARM.Build.0 = Release|Any CPU
		{6CF96CCD-A684-408A-97DE-B625BC2C41E0}.Release|ARM.Deploy.0 = Release|Any CPU
		{6CF96CCD-A684-408A-97DE-B625BC2C41E0}.Release|x64.ActiveCfg = Release|x64
		{6CF96CCD-A684-408A-97DE-B625BC2C41E0}.Release|x64.Build.0 = Release|x64
		{6CF96CCD-A684-408A-97DE-B625BC2C41E0}.Release|x64.Deploy.0 = Release|x64
		{6CF96CCD-A684-408A-97DE-B625BC2C41E0}.Release|x86.ActiveCfg = Release|x86
		{6CF96CCD-A684-408A-97DE-B625BC2C41E0}.Release|x86.Build.0 = Release|x86
		{6CF96CCD-A684-408A-97DE-B625BC2C41E0}.Release|x86.Deploy.0 = Release|x86
		{250A04F8-8622-468B-83E2-1BCC94DBDD65}.Debug|Any CPU.ActiveCfg = Debug|Any CPU
		{250A04F8-8622-468B-83E2-1BCC94DBDD65}.Debug|Any CPU.Build.0 = Debug|Any CPU
		{250A04F8-8622-468B-83E2-1BCC94DBDD65}.Debug|Any CPU.Deploy.0 = Debug|Any CPU
		{250A04F8-8622-468B-83E2-1BCC94DBDD65}.Debug|ARM.ActiveCfg = Debug|Any CPU
		{250A04F8-8622-468B-83E2-1BCC94DBDD65}.Debug|ARM.Build.0 = Debug|Any CPU
		{250A04F8-8622-468B-83E2-1BCC94DBDD65}.Debug|ARM.Deploy.0 = Debug|Any CPU
		{250A04F8-8622-468B-83E2-1BCC94DBDD65}.Debug|x64.ActiveCfg = Debug|x64
		{250A04F8-8622-468B-83E2-1BCC94DBDD65}.Debug|x64.Build.0 = Debug|x64
		{250A04F8-8622-468B-83E2-1BCC94DBDD65}.Debug|x64.Deploy.0 = Debug|x64
		{250A04F8-8622-468B-83E2-1BCC94DBDD65}.Debug|x86.ActiveCfg = Debug|x86
		{250A04F8-8622-468B-83E2-1BCC94DBDD65}.Debug|x86.Build.0 = Debug|x86
		{250A04F8-8622-468B-83E2-1BCC94DBDD65}.Debug|x86.Deploy.0 = Debug|x86
		{250A04F8-8622-468B-83E2-1BCC94DBDD65}.Release|Any CPU.ActiveCfg = Release|Any CPU
		{250A04F8-8622-468B-83E2-1BCC94DBDD65}.Release|Any CPU.Build.0 = Release|Any CPU
		{250A04F8-8622-468B-83E2-1BCC94DBDD65}.Release|Any CPU.Deploy.0 = Release|Any CPU
		{250A04F8-8622-468B-83E2-1BCC94DBDD65}.Release|ARM.ActiveCfg = Release|Any CPU
		{250A04F8-8622-468B-83E2-1BCC94DBDD65}.Release|ARM.Build.0 = Release|Any CPU
		{250A04F8-8622-468B-83E2-1BCC94DBDD65}.Release|ARM.Deploy.0 = Release|Any CPU
		{250A04F8-8622-468B-83E2-1BCC94DBDD65}.Release|x64.ActiveCfg = Release|x64
		{250A04F8-8622-468B-83E2-1BCC94DBDD65}.Release|x64.Build.0 = Release|x64
		{250A04F8-8622-468B-83E2-1BCC94DBDD65}.Release|x64.Deploy.0 = Release|x64
		{250A04F8-8622-468B-83E2-1BCC94DBDD65}.Release|x86.ActiveCfg = Release|x86
		{250A04F8-8622-468B-83E2-1BCC94DBDD65}.Release|x86.Build.0 = Release|x86
		{250A04F8-8622-468B-83E2-1BCC94DBDD65}.Release|x86.Deploy.0 = Release|x86
	EndGlobalSection
	GlobalSection(SolutionProperties) = preSolution
		HideSolutionNode = FALSE
	EndGlobalSection
	GlobalSection(NestedProjects) = preSolution
		{89B15E8C-428F-4D07-8668-73D59AB5D285} = {D14A6F7B-27DA-4C28-A976-8CED01378EA5}
		{FFBF21BB-8303-4470-9152-EC57C42716B1} = {89B15E8C-428F-4D07-8668-73D59AB5D285}
		{30F30CDB-23F6-4A95-A07F-3D47136B9204} = {D14A6F7B-27DA-4C28-A976-8CED01378EA5}
		{96DA9A20-B822-4F4E-899B-D3C6E1DC268E} = {30F30CDB-23F6-4A95-A07F-3D47136B9204}
		{04445F10-A8B7-47DB-8894-C5C0BE70625C} = {D14A6F7B-27DA-4C28-A976-8CED01378EA5}
		{FE9FDF70-8019-49C9-9563-1ABA1F56EB4D} = {04445F10-A8B7-47DB-8894-C5C0BE70625C}
		{8F2CF6EA-E7E3-4DC3-A139-E3E7ACD1C861} = {04445F10-A8B7-47DB-8894-C5C0BE70625C}
		{6CF96CCD-A684-408A-97DE-B625BC2C41E0} = {30F30CDB-23F6-4A95-A07F-3D47136B9204}
		{250A04F8-8622-468B-83E2-1BCC94DBDD65} = {89B15E8C-428F-4D07-8668-73D59AB5D285}
	EndGlobalSection
	GlobalSection(ExtensibilityGlobals) = postSolution
		SolutionGuid = {399C2DFE-38F1-4859-8397-A322323C5C1D}
	EndGlobalSection
EndGlobal
