
Microsoft Visual Studio Solution File, Format Version 12.00
# Visual Studio 15
VisualStudioVersion = 15.0.25618.0
MinimumVisualStudioVersion = 10.0.40219.1
Project("{FAE04EC0-301F-11D3-BF4B-00C04F79EFBC}") = "WpfApplication.App", "WpfApplication.App\WpfApplication.App.csproj", "{FE9FDF70-8019-49C9-9563-1ABA1F56EB4D}"
EndProject
Project("{365BE41E-7993-430D-A5E6-1381A54BC077}") = "WpfApplication.UwpDeploy", "WpfApplication.UwpDeploy\WpfApplication.UwpDeploy.vsdproj", "{8262AC03-2D30-4AAE-80B8-B8AB69FEED38}"
EndProject
Global
	GlobalSection(SolutionConfigurationPlatforms) = preSolution
		Debug|Any CPU = Debug|Any CPU
		Debug|ARM = Debug|ARM
		Debug|x64 = Debug|x64
		Debug|x86 = Debug|x86
		Release|Any CPU = Release|Any CPU
		Release|ARM = Release|ARM
		Release|x64 = Release|x64
		Release|x86 = Release|x86
	EndGlobalSection
	GlobalSection(ProjectConfigurationPlatforms) = postSolution
		{FE9FDF70-8019-49C9-9563-1ABA1F56EB4D}.Debug|Any CPU.ActiveCfg = Debug|Any CPU
		{FE9FDF70-8019-49C9-9563-1ABA1F56EB4D}.Debug|Any CPU.Build.0 = Debug|Any CPU
		{FE9FDF70-8019-49C9-9563-1ABA1F56EB4D}.Debug|ARM.ActiveCfg = Debug|Any CPU
		{FE9FDF70-8019-49C9-9563-1ABA1F56EB4D}.Debug|ARM.Build.0 = Debug|Any CPU
		{FE9FDF70-8019-49C9-9563-1ABA1F56EB4D}.Debug|x64.ActiveCfg = Debug|Any CPU
		{FE9FDF70-8019-49C9-9563-1ABA1F56EB4D}.Debug|x64.Build.0 = Debug|Any CPU
		{FE9FDF70-8019-49C9-9563-1ABA1F56EB4D}.Debug|x86.ActiveCfg = Debug|Any CPU
		{FE9FDF70-8019-49C9-9563-1ABA1F56EB4D}.Debug|x86.Build.0 = Debug|Any CPU
		{FE9FDF70-8019-49C9-9563-1ABA1F56EB4D}.Release|Any CPU.ActiveCfg = Release|Any CPU
		{FE9FDF70-8019-49C9-9563-1ABA1F56EB4D}.Release|Any CPU.Build.0 = Release|Any CPU
		{FE9FDF70-8019-49C9-9563-1ABA1F56EB4D}.Release|ARM.ActiveCfg = Release|Any CPU
		{FE9FDF70-8019-49C9-9563-1ABA1F56EB4D}.Release|ARM.Build.0 = Release|Any CPU
		{FE9FDF70-8019-49C9-9563-1ABA1F56EB4D}.Release|x64.ActiveCfg = Release|Any CPU
		{FE9FDF70-8019-49C9-9563-1ABA1F56EB4D}.Release|x64.Build.0 = Release|Any CPU
		{FE9FDF70-8019-49C9-9563-1ABA1F56EB4D}.Release|x86.ActiveCfg = Release|Any CPU
		{FE9FDF70-8019-49C9-9563-1ABA1F56EB4D}.Release|x86.Build.0 = Release|Any CPU
		{8262AC03-2D30-4AAE-80B8-B8AB69FEED38}.Debug|Any CPU.ActiveCfg = Debug|Any CPU
		{8262AC03-2D30-4AAE-80B8-B8AB69FEED38}.Debug|Any CPU.Build.0 = Debug|Any CPU
		{8262AC03-2D30-4AAE-80B8-B8AB69FEED38}.Debug|Any CPU.Deploy.0 = Debug|Any CPU
		{8262AC03-2D30-4AAE-80B8-B8AB69FEED38}.Debug|ARM.ActiveCfg = Debug|ARM
		{8262AC03-2D30-4AAE-80B8-B8AB69FEED38}.Debug|ARM.Build.0 = Debug|ARM
		{8262AC03-2D30-4AAE-80B8-B8AB69FEED38}.Debug|ARM.Deploy.0 = Debug|ARM
		{8262AC03-2D30-4AAE-80B8-B8AB69FEED38}.Debug|x64.ActiveCfg = Debug|x64
		{8262AC03-2D30-4AAE-80B8-B8AB69FEED38}.Debug|x64.Build.0 = Debug|x64
		{8262AC03-2D30-4AAE-80B8-B8AB69FEED38}.Debug|x64.Deploy.0 = Debug|x64
		{8262AC03-2D30-4AAE-80B8-B8AB69FEED38}.Debug|x86.ActiveCfg = Debug|x86
		{8262AC03-2D30-4AAE-80B8-B8AB69FEED38}.Debug|x86.Build.0 = Debug|x86
		{8262AC03-2D30-4AAE-80B8-B8AB69FEED38}.Debug|x86.Deploy.0 = Debug|x86
		{8262AC03-2D30-4AAE-80B8-B8AB69FEED38}.Release|Any CPU.ActiveCfg = Release|Any CPU
		{8262AC03-2D30-4AAE-80B8-B8AB69FEED38}.Release|Any CPU.Build.0 = Release|Any CPU
		{8262AC03-2D30-4AAE-80B8-B8AB69FEED38}.Release|Any CPU.Deploy.0 = Release|Any CPU
		{8262AC03-2D30-4AAE-80B8-B8AB69FEED38}.Release|ARM.ActiveCfg = Release|ARM
		{8262AC03-2D30-4AAE-80B8-B8AB69FEED38}.Release|ARM.Build.0 = Release|ARM
		{8262AC03-2D30-4AAE-80B8-B8AB69FEED38}.Release|ARM.Deploy.0 = Release|ARM
		{8262AC03-2D30-4AAE-80B8-B8AB69FEED38}.Release|x64.ActiveCfg = Release|x64
		{8262AC03-2D30-4AAE-80B8-B8AB69FEED38}.Release|x64.Build.0 = Release|x64
		{8262AC03-2D30-4AAE-80B8-B8AB69FEED38}.Release|x64.Deploy.0 = Release|x64
		{8262AC03-2D30-4AAE-80B8-B8AB69FEED38}.Release|x86.ActiveCfg = Release|x86
		{8262AC03-2D30-4AAE-80B8-B8AB69FEED38}.Release|x86.Build.0 = Release|x86
		{8262AC03-2D30-4AAE-80B8-B8AB69FEED38}.Release|x86.Deploy.0 = Release|x86
	EndGlobalSection
	GlobalSection(SolutionProperties) = preSolution
		HideSolutionNode = FALSE
	EndGlobalSection
EndGlobal
